
Microsoft Visual Studio Solution File, Format Version 12.00
# Visual Studio Version 17
VisualStudioVersion = 17.10.35122.118
MinimumVisualStudioVersion = 10.0.40219.1
Project("{FAE04EC0-301F-11D3-BF4B-00C04F79EFBC}") = "Re-Test", "Re-Test.csproj", "{A76BCD29-A08D-4E42-A4E9-BBE85AEB131A}"
EndProject
Global
	GlobalSection(SolutionConfigurationPlatforms) = preSolution
		Debug|Any CPU = Debug|Any CPU
		Release|Any CPU = Release|Any CPU
	EndGlobalSection
	GlobalSection(ProjectConfigurationPlatforms) = postSolution
		{A76BCD29-A08D-4E42-A4E9-BBE85AEB131A}.Debug|Any CPU.ActiveCfg = Debug|Any CPU
		{A76BCD29-A08D-4E42-A4E9-BBE85AEB131A}.Debug|Any CPU.Build.0 = Debug|Any CPU
		{A76BCD29-A08D-4E42-A4E9-BBE85AEB131A}.Release|Any CPU.ActiveCfg = Release|Any CPU
		{A76BCD29-A08D-4E42-A4E9-BBE85AEB131A}.Release|Any CPU.Build.0 = Release|Any CPU
	EndGlobalSection
	GlobalSection(SolutionProperties) = preSolution
		HideSolutionNode = FALSE
	EndGlobalSection
	GlobalSection(ExtensibilityGlobals) = postSolution
		SolutionGuid = {BC479CE0-06B1-4FC6-B586-E95FA68B5187}
	EndGlobalSection
EndGlobal
